
Microsoft Visual Studio Solution File, Format Version 12.00
# Visual Studio 2012
Project("{FAE04EC0-301F-11D3-BF4B-00C04F79EFBC}") = "Entidades", "Entidades\Entidades.csproj", "{719E61E2-6A91-41B7-8A61-F42B09DA807A}"
EndProject
Project("{FAE04EC0-301F-11D3-BF4B-00C04F79EFBC}") = "CapaDatos", "CapaDatos\CapaDatos.csproj", "{485BB960-8ED2-4560-8DEE-63967E847001}"
EndProject
Project("{FAE04EC0-301F-11D3-BF4B-00C04F79EFBC}") = "LogicaNegocio", "LogicaNegocio\LogicaNegocio.csproj", "{FADD027D-D2E0-44DF-A80F-D45AC8265232}"
EndProject
Project("{FAE04EC0-301F-11D3-BF4B-00C04F79EFBC}") = "Market", "Market\Market.csproj", "{FCF6874C-C755-4232-A824-7415D7ECB486}"
EndProject
Global
	GlobalSection(SolutionConfigurationPlatforms) = preSolution
		Debug|Any CPU = Debug|Any CPU
		Release|Any CPU = Release|Any CPU
	EndGlobalSection
	GlobalSection(ProjectConfigurationPlatforms) = postSolution
		{719E61E2-6A91-41B7-8A61-F42B09DA807A}.Debug|Any CPU.ActiveCfg = Debug|Any CPU
		{719E61E2-6A91-41B7-8A61-F42B09DA807A}.Debug|Any CPU.Build.0 = Debug|Any CPU
		{719E61E2-6A91-41B7-8A61-F42B09DA807A}.Release|Any CPU.ActiveCfg = Release|Any CPU
		{719E61E2-6A91-41B7-8A61-F42B09DA807A}.Release|Any CPU.Build.0 = Release|Any CPU
		{485BB960-8ED2-4560-8DEE-63967E847001}.Debug|Any CPU.ActiveCfg = Debug|Any CPU
		{485BB960-8ED2-4560-8DEE-63967E847001}.Debug|Any CPU.Build.0 = Debug|Any CPU
		{485BB960-8ED2-4560-8DEE-63967E847001}.Release|Any CPU.ActiveCfg = Release|Any CPU
		{485BB960-8ED2-4560-8DEE-63967E847001}.Release|Any CPU.Build.0 = Release|Any CPU
		{FADD027D-D2E0-44DF-A80F-D45AC8265232}.Debug|Any CPU.ActiveCfg = Debug|Any CPU
		{FADD027D-D2E0-44DF-A80F-D45AC8265232}.Debug|Any CPU.Build.0 = Debug|Any CPU
		{FADD027D-D2E0-44DF-A80F-D45AC8265232}.Release|Any CPU.ActiveCfg = Release|Any CPU
		{FADD027D-D2E0-44DF-A80F-D45AC8265232}.Release|Any CPU.Build.0 = Release|Any CPU
		{FCF6874C-C755-4232-A824-7415D7ECB486}.Debug|Any CPU.ActiveCfg = Debug|Any CPU
		{FCF6874C-C755-4232-A824-7415D7ECB486}.Debug|Any CPU.Build.0 = Debug|Any CPU
		{FCF6874C-C755-4232-A824-7415D7ECB486}.Release|Any CPU.ActiveCfg = Release|Any CPU
		{FCF6874C-C755-4232-A824-7415D7ECB486}.Release|Any CPU.Build.0 = Release|Any CPU
	EndGlobalSection
	GlobalSection(SolutionProperties) = preSolution
		HideSolutionNode = FALSE
	EndGlobalSection
EndGlobal
